PODS:
  - Alamofire (5.10.2)
  - Kingfisher (8.1.1)
  - SnapKit (5.7.1)

DEPENDENCIES:
  - Alamofire
  - Kingfisher
  - SnapKit

SPEC REPOS:
  trunk:
    - Alamofire
    - Kingfisher
    - SnapKit

SPEC CHECKSUMS:
  Alamofire: 7193b3b92c74a07f85569e1a6c4f4237291e7496
  Kingfisher: fc2788e497306f97fdef6e4df49f02106cb57788
  SnapKit: d612e99e678a2d3b95bf60b0705ed0a35c03484a

PODFILE CHECKSUM: eb3733581e987b4341374c6e7065d2c0727001c7

COCOAPODS: 1.16.2
