// !$*UTF8*$!
{
	archiveVersion = 1;
	classes = {
	};
	objectVersion = 77;
	objects = {

/* Begin PBXBuildFile section */
		097C52BC9394E5EE9449F5DD /* Pods_DatPos.framework in Frameworks */ = {isa = PBXBuildFile; fileRef = 6CE8E7137EE54AFFC8A5EC4D /* Pods_DatPos.framework */; };
		0E177746EC5D699A88D74C47 /* DacIdlDateView.swift in Sources */ = {isa = PBXBuildFile; fileRef = 64AC5ED8337787779FD71F66 /* DacIdlDateView.swift */; };
		0ECC2023BDD228AE6037441F /* Assets.xcassets in Resources */ = {isa = PBXBuildFile; fileRef = 584CB9677C4253A2E2B05517 /* Assets.xcassets */; };
		0F21305E91A46CCD93FBBBDE /* FabricantTabbyViewController.swift in Sources */ = {isa = PBXBuildFile; fileRef = 7B7B0D2B21D4324DBD6AB849 /* FabricantTabbyViewController.swift */; };
		1041D982169C6078F3A06ADF /* RightDemarshalSubView.swift in Sources */ = {isa = PBXBuildFile; fileRef = B8C8900F753844139C70439E /* RightDemarshalSubView.swift */; };
		1DB80A6D854852647F5C58C9 /* OaklandLibidoViewController.swift in Sources */ = {isa = PBXBuildFile; fileRef = 257C6C5BC115154EDD3663A0 /* OaklandLibidoViewController.swift */; };
		240E56BCF084FEEAC25B9B82 /* BaseModifierListView.swift in Sources */ = {isa = PBXBuildFile; fileRef = 3D789C89F0846FC827AD5D19 /* BaseModifierListView.swift */; };
		24471C247B7CC9A693E1F155 /* MultiuserIntersectionViewCell.swift in Sources */ = {isa = PBXBuildFile; fileRef = 819AF09FCAF1B978598CEBEC /* MultiuserIntersectionViewCell.swift */; };
		2BF9B6DFC02F14C5A510D3A7 /* RecordJacarandaViewController.swift in Sources */ = {isa = PBXBuildFile; fileRef = 5436058B4137657C0BAC3FE1 /* RecordJacarandaViewController.swift */; };
		2CDB97B7AF39904413AA5B42 /* DispidCandidateThreeConfig.swift in Sources */ = {isa = PBXBuildFile; fileRef = 85AF544FCC66F5876F98A244 /* DispidCandidateThreeConfig.swift */; };
		2DF28F8258B1A71A98445D76 /* AssociatedScreenNavigationController.swift in Sources */ = {isa = PBXBuildFile; fileRef = EF499B25DE83ED0494300B15 /* AssociatedScreenNavigationController.swift */; };
		3633D40F65BC87E2D4B6DE1C /* KaffeeklatschFiniteHeadView.swift in Sources */ = {isa = PBXBuildFile; fileRef = 4C4325538F5E94C530DAAAA7 /* KaffeeklatschFiniteHeadView.swift */; };
		394C80C9F9B215C457396425 /* HaarlemWindowsOppDefine.swift in Sources */ = {isa = PBXBuildFile; fileRef = 3FFC190802ABF52F0FAE84A0 /* HaarlemWindowsOppDefine.swift */; };
		3C92AB4FE9E1E0964FF37003 /* unionFabledviewconfig.swift in Sources */ = {isa = PBXBuildFile; fileRef = 85E6997E3AA8DE08F372FE9C /* unionFabledviewconfig.swift */; };
		3DB249E59A5A8EE3149530A9 /* PixelDacianBarController.swift in Sources */ = {isa = PBXBuildFile; fileRef = A100E9E47C839F471416D03E /* PixelDacianBarController.swift */; };
		44F8594908AE7ECD4EC68128 /* ChainHabanaViewController.swift in Sources */ = {isa = PBXBuildFile; fileRef = 49BC588B17CF180CDB8FD542 /* ChainHabanaViewController.swift */; };
		527649F5248A049331FB8AE8 /* DacoitMiddlewareLogView.swift in Sources */ = {isa = PBXBuildFile; fileRef = AF9E0DAA634E42C188F00909 /* DacoitMiddlewareLogView.swift */; };
		548545B63C5648F3598B431A /* InfrastructureJabotViewController.swift in Sources */ = {isa = PBXBuildFile; fileRef = ED8306206482445B9BBD29BF /* InfrastructureJabotViewController.swift */; };
		575BA8E5B84A4BD1083072AB /* ThinLabelViewController.swift in Sources */ = {isa = PBXBuildFile; fileRef = 05A3BFBF7E317BFE37E8CD49 /* ThinLabelViewController.swift */; };
		5B7815B2F23A34A5489CB080 /* GabbyAardvarkLoginConfig.swift in Sources */ = {isa = PBXBuildFile; fileRef = 5F7990F7EB8F9D35B415EE70 /* GabbyAardvarkLoginConfig.swift */; };
		5EE8DD56B4F72BA9A5B31036 /* EagreAdlViewController.swift in Sources */ = {isa = PBXBuildFile; fileRef = A21EBBA441B257783F15E4E9 /* EagreAdlViewController.swift */; };
		627547E56B2566B4EDA46E75 /* AppDelegate.swift in Sources */ = {isa = PBXBuildFile; fileRef = A7C712D2586B8395B2F07584 /* AppDelegate.swift */; };
		646486AB3CFD5E39E29D4DA9 /* JacalIabaFullyModel.swift in Sources */ = {isa = PBXBuildFile; fileRef = 265F71D72BBCED8234524217 /* JacalIabaFullyModel.swift */; };
		6D2A1B8B64070CE29BB62C48 /* DelegationRecordsetCenterView.swift in Sources */ = {isa = PBXBuildFile; fileRef = C608E703D27A5506AB43054A /* DelegationRecordsetCenterView.swift */; };
		6DAE1A7486B4980B61285464 /* UbietyUawEnmuView.swift in Sources */ = {isa = PBXBuildFile; fileRef = 975B0A021D8A9840EC372582 /* UbietyUawEnmuView.swift */; };
		7003A6249373D9B6BBCD9F82 /* SarapeFabliauViewController.swift in Sources */ = {isa = PBXBuildFile; fileRef = A10849B8189EF3CB88632375 /* SarapeFabliauViewController.swift */; };
		721682F240C99BB4D78D4407 /* OperatingRecordMeraCell.swift in Sources */ = {isa = PBXBuildFile; fileRef = FEE1294F7E0CE4997B709A7B /* OperatingRecordMeraCell.swift */; };
		73FD443B2E9E511B0075D082 /* Untitled.swift in Sources */ = {isa = PBXBuildFile; fileRef = 73FD443A2E9E511A0075D082 /* Untitled.swift */; };
		80D60380F42FB038F88226FA /* TupleJacamarViewCell.swift in Sources */ = {isa = PBXBuildFile; fileRef = B208E88134729EA05EA5D339 /* TupleJacamarViewCell.swift */; };
		8160D64373D837A4496778AE /* XanthinFabricateGuideView.swift in Sources */ = {isa = PBXBuildFile; fileRef = A7A5ED730C3BB48D573090F8 /* XanthinFabricateGuideView.swift */; };
		85029F5817DA12F0BD782865 /* QcbHandleViewController.swift in Sources */ = {isa = PBXBuildFile; fileRef = 8D666863173B060CBC2C6423 /* QcbHandleViewController.swift */; };
		8506792568FBA38080F958CA /* QanonNabobshipViewCell.swift in Sources */ = {isa = PBXBuildFile; fileRef = 457C0C38D6E3994D0044330F /* QanonNabobshipViewCell.swift */; };
		86290ADCCD394DC0F8A39726 /* ServerSideDeviceInfo.swift in Sources */ = {isa = PBXBuildFile; fileRef = E5AA77AD40FFA143754789EC /* ServerSideDeviceInfo.swift */; };
		8A2D14F98E87F05B5171E01C /* ResultWindowViewCell.swift in Sources */ = {isa = PBXBuildFile; fileRef = 97E4E2B8A4FB936294B2C420 /* ResultWindowViewCell.swift */; };
		8BF9084905E3AE41EB8A9C38 /* FactoringLabelRequestConfig.swift in Sources */ = {isa = PBXBuildFile; fileRef = 709E14638BF28D824AB5F3C6 /* FactoringLabelRequestConfig.swift */; };
		8CE0EE8E7F866C69454B812B /* TriggerTabassaranOccupyConfig.swift in Sources */ = {isa = PBXBuildFile; fileRef = 22B320A49A19A6F1AB9F5DD3 /* TriggerTabassaranOccupyConfig.swift */; };
		8DFD4E505E366FF2569AA430 /* ArgumentNabeViewController.swift in Sources */ = {isa = PBXBuildFile; fileRef = B552875B0A73770DC7CA3370 /* ArgumentNabeViewController.swift */; };
		9276D1F84111674B780B0202 /* CaballeroIncrementalHomeView.swift in Sources */ = {isa = PBXBuildFile; fileRef = E449C4EB0756A5DDB645AA80 /* CaballeroIncrementalHomeView.swift */; };
		95D4C0C19A9B2CADA830B4AA /* LibertineXanthicLocationConfig.swift in Sources */ = {isa = PBXBuildFile; fileRef = 8C3172CF577552758604D26F /* LibertineXanthicLocationConfig.swift */; };
		97546A13BA636BF6BA8C574C /* XanthinAssociativeViewCell.swift in Sources */ = {isa = PBXBuildFile; fileRef = 4190D40E57A69D58A1FBEC73 /* XanthinAssociativeViewCell.swift */; };
		A925E886EA1A91CC49D15714 /* CleanupCharacterViewController.swift in Sources */ = {isa = PBXBuildFile; fileRef = ECCF2FCF859C088E49F09943 /* CleanupCharacterViewController.swift */; };
		AC1930CD04097BBC492076BF /* nabobismXanthinuriaotherConfig.swift in Sources */ = {isa = PBXBuildFile; fileRef = A3B45F663613DEE70471090A /* nabobismXanthinuriaotherConfig.swift */; };
		ACDD9AE73E8D4F9075B89064 /* FabledLookupViewController.swift in Sources */ = {isa = PBXBuildFile; fileRef = 92F54F10FBDEF5B33646A931 /* FabledLookupViewController.swift */; };
		AD0E1FEF69624FF5D0116246 /* ExceptionZagUntitled.swift in Sources */ = {isa = PBXBuildFile; fileRef = E5D2A9049A5F3373846F817A /* ExceptionZagUntitled.swift */; };
		B77408DA1B6364A560B1D645 /* KafAttributeDrawerConfig.swift in Sources */ = {isa = PBXBuildFile; fileRef = B16087C340AD759E6B2E8242 /* KafAttributeDrawerConfig.swift */; };
		B795A3457ACED95432828348 /* LaunchScreen.storyboard in Resources */ = {isa = PBXBuildFile; fileRef = 70F4DAE5324E9303409EAC4C /* LaunchScreen.storyboard */; };
		BCD99F80BD87D3A39D7FE40A /* ImplementationBabaViewCell.swift in Sources */ = {isa = PBXBuildFile; fileRef = 9801D7C44D5CBB89C7BBF9D0 /* ImplementationBabaViewCell.swift */; };
		BFDE60684C9BCD0281788D9E /* ForwardZahalViewController.swift in Sources */ = {isa = PBXBuildFile; fileRef = 40062BFEA84110A8606E8ADE /* ForwardZahalViewController.swift */; };
		C8F49E3B836AAF6B6BAB82EE /* ImplementDefaultLoginView.swift in Sources */ = {isa = PBXBuildFile; fileRef = 8710DC8313F495545EB5FA91 /* ImplementDefaultLoginView.swift */; };
		C952A57C276989DC10D98E42 /* ArialBlack.ttf in Resources */ = {isa = PBXBuildFile; fileRef = 1ADA40A08B40F8CEC6F064A7 /* ArialBlack.ttf */; };
		CB55940F4E5656BFFA18AC8D /* XanthineDnaViewController.swift in Sources */ = {isa = PBXBuildFile; fileRef = 976E4D9AD7A98F1C574506CA /* XanthineDnaViewController.swift */; };
		D81E6A45485BDC9F2CB044EE /* ZaguanTaberdarViewController.swift in Sources */ = {isa = PBXBuildFile; fileRef = DA2AC7902874EA5F3FAA7704 /* ZaguanTaberdarViewController.swift */; };
		D9886CDC0BF88C94E39E4760 /* UbaVirtualobjMeraView.swift in Sources */ = {isa = PBXBuildFile; fileRef = 5978C043AC9D914911B4ECBF /* UbaVirtualobjMeraView.swift */; };
		E9BAC944F5ED5660C937CF61 /* InfrastructureUbicationViewController.swift in Sources */ = {isa = PBXBuildFile; fileRef = 806CD58FBB2949D99827F376 /* InfrastructureUbicationViewController.swift */; };
		FC8866AF11E503C78C0443A9 /* DacianCleanupViewConfig.swift in Sources */ = {isa = PBXBuildFile; fileRef = AD6C10E659625AF02112FAF1 /* DacianCleanupViewConfig.swift */; };
		FFF2247B5A4F971E696818C4 /* RecursiveBugLogView.swift in Sources */ = {isa = PBXBuildFile; fileRef = E8BE8DF26DD7C40FC585714C /* RecursiveBugLogView.swift */; };
/* End PBXBuildFile section */

/* Begin PBXFileReference section */
		042D14A9EC1BFB8D5BD5B61F /* Pods-DatPos.release.xcconfig */ = {isa = PBXFileReference; includeInIndex = 1; lastKnownFileType = text.xcconfig; name = "Pods-DatPos.release.xcconfig"; path = "Target Support Files/Pods-DatPos/Pods-DatPos.release.xcconfig"; sourceTree = "<group>"; };
		05A3BFBF7E317BFE37E8CD49 /* ThinLabelViewController.swift */ = {isa = PBXFileReference; lastKnownFileType = sourcecode.swift; path = ThinLabelViewController.swift; sourceTree = "<group>"; };
		1ADA40A08B40F8CEC6F064A7 /* ArialBlack.ttf */ = {isa = PBXFileReference; lastKnownFileType = file; path = ArialBlack.ttf; sourceTree = "<group>"; };
		22B320A49A19A6F1AB9F5DD3 /* TriggerTabassaranOccupyConfig.swift */ = {isa = PBXFileReference; lastKnownFileType = sourcecode.swift; path = TriggerTabassaranOccupyConfig.swift; sourceTree = "<group>"; };
		257C6C5BC115154EDD3663A0 /* OaklandLibidoViewController.swift */ = {isa = PBXFileReference; lastKnownFileType = sourcecode.swift; path = OaklandLibidoViewController.swift; sourceTree = "<group>"; };
		265F71D72BBCED8234524217 /* JacalIabaFullyModel.swift */ = {isa = PBXFileReference; lastKnownFileType = sourcecode.swift; path = JacalIabaFullyModel.swift; sourceTree = "<group>"; };
		3D789C89F0846FC827AD5D19 /* BaseModifierListView.swift */ = {isa = PBXFileReference; lastKnownFileType = sourcecode.swift; path = BaseModifierListView.swift; sourceTree = "<group>"; };
		3FFC190802ABF52F0FAE84A0 /* HaarlemWindowsOppDefine.swift */ = {isa = PBXFileReference; lastKnownFileType = sourcecode.swift; path = HaarlemWindowsOppDefine.swift; sourceTree = "<group>"; };
		40062BFEA84110A8606E8ADE /* ForwardZahalViewController.swift */ = {isa = PBXFileReference; lastKnownFileType = sourcecode.swift; path = ForwardZahalViewController.swift; sourceTree = "<group>"; };
		4190D40E57A69D58A1FBEC73 /* XanthinAssociativeViewCell.swift */ = {isa = PBXFileReference; lastKnownFileType = sourcecode.swift; path = XanthinAssociativeViewCell.swift; sourceTree = "<group>"; };
		457C0C38D6E3994D0044330F /* QanonNabobshipViewCell.swift */ = {isa = PBXFileReference; lastKnownFileType = sourcecode.swift; path = QanonNabobshipViewCell.swift; sourceTree = "<group>"; };
		49BC588B17CF180CDB8FD542 /* ChainHabanaViewController.swift */ = {isa = PBXFileReference; lastKnownFileType = sourcecode.swift; path = ChainHabanaViewController.swift; sourceTree = "<group>"; };
		4C4325538F5E94C530DAAAA7 /* KaffeeklatschFiniteHeadView.swift */ = {isa = PBXFileReference; lastKnownFileType = sourcecode.swift; path = KaffeeklatschFiniteHeadView.swift; sourceTree = "<group>"; };
		5436058B4137657C0BAC3FE1 /* RecordJacarandaViewController.swift */ = {isa = PBXFileReference; lastKnownFileType = sourcecode.swift; path = RecordJacarandaViewController.swift; sourceTree = "<group>"; };
		584CB9677C4253A2E2B05517 /* Assets.xcassets */ = {isa = PBXFileReference; lastKnownFileType = folder.assetcatalog; path = Assets.xcassets; sourceTree = "<group>"; };
		5978C043AC9D914911B4ECBF /* UbaVirtualobjMeraView.swift */ = {isa = PBXFileReference; lastKnownFileType = sourcecode.swift; path = UbaVirtualobjMeraView.swift; sourceTree = "<group>"; };
		5F7990F7EB8F9D35B415EE70 /* GabbyAardvarkLoginConfig.swift */ = {isa = PBXFileReference; lastKnownFileType = sourcecode.swift; path = GabbyAardvarkLoginConfig.swift; sourceTree = "<group>"; };
		6006D4026B0E3D178DD97EA5 /* Pods-DatPos.debug.xcconfig */ = {isa = PBXFileReference; includeInIndex = 1; lastKnownFileType = text.xcconfig; name = "Pods-DatPos.debug.xcconfig"; path = "Target Support Files/Pods-DatPos/Pods-DatPos.debug.xcconfig"; sourceTree = "<group>"; };
		64AC5ED8337787779FD71F66 /* DacIdlDateView.swift */ = {isa = PBXFileReference; lastKnownFileType = sourcecode.swift; path = DacIdlDateView.swift; sourceTree = "<group>"; };
		67D14F8897E1C96712CE2F0E /* DatPos.app */ = {isa = PBXFileReference; explicitFileType = wrapper.application; includeInIndex = 0; path = DatPos.app; sourceTree = BUILT_PRODUCTS_DIR; };
		6CE8E7137EE54AFFC8A5EC4D /* Pods_DatPos.framework */ = {isa = PBXFileReference; explicitFileType = wrapper.framework; includeInIndex = 0; path = Pods_DatPos.framework; sourceTree = BUILT_PRODUCTS_DIR; };
		709E14638BF28D824AB5F3C6 /* FactoringLabelRequestConfig.swift */ = {isa = PBXFileReference; lastKnownFileType = sourcecode.swift; path = FactoringLabelRequestConfig.swift; sourceTree = "<group>"; };
		70F4DAE5324E9303409EAC4C /* LaunchScreen.storyboard */ = {isa = PBXFileReference; lastKnownFileType = file.storyboard; path = LaunchScreen.storyboard; sourceTree = "<group>"; };
		73FD443A2E9E511A0075D082 /* Untitled.swift */ = {isa = PBXFileReference; lastKnownFileType = sourcecode.swift; path = Untitled.swift; sourceTree = "<group>"; };
		7B7B0D2B21D4324DBD6AB849 /* FabricantTabbyViewController.swift */ = {isa = PBXFileReference; lastKnownFileType = sourcecode.swift; path = FabricantTabbyViewController.swift; sourceTree = "<group>"; };
		806CD58FBB2949D99827F376 /* InfrastructureUbicationViewController.swift */ = {isa = PBXFileReference; lastKnownFileType = sourcecode.swift; path = InfrastructureUbicationViewController.swift; sourceTree = "<group>"; };
		819AF09FCAF1B978598CEBEC /* MultiuserIntersectionViewCell.swift */ = {isa = PBXFileReference; lastKnownFileType = sourcecode.swift; path = MultiuserIntersectionViewCell.swift; sourceTree = "<group>"; };
		85AF544FCC66F5876F98A244 /* DispidCandidateThreeConfig.swift */ = {isa = PBXFileReference; lastKnownFileType = sourcecode.swift; path = DispidCandidateThreeConfig.swift; sourceTree = "<group>"; };
		85E6997E3AA8DE08F372FE9C /* unionFabledviewconfig.swift */ = {isa = PBXFileReference; lastKnownFileType = sourcecode.swift; path = unionFabledviewconfig.swift; sourceTree = "<group>"; };
		8710DC8313F495545EB5FA91 /* ImplementDefaultLoginView.swift */ = {isa = PBXFileReference; lastKnownFileType = sourcecode.swift; path = ImplementDefaultLoginView.swift; sourceTree = "<group>"; };
		8C3172CF577552758604D26F /* LibertineXanthicLocationConfig.swift */ = {isa = PBXFileReference; lastKnownFileType = sourcecode.swift; path = LibertineXanthicLocationConfig.swift; sourceTree = "<group>"; };
		8CC3234242FF4514932D2202 /* Info.plist */ = {isa = PBXFileReference; lastKnownFileType = text.plist.xml; path = Info.plist; sourceTree = "<group>"; };
		8D666863173B060CBC2C6423 /* QcbHandleViewController.swift */ = {isa = PBXFileReference; lastKnownFileType = sourcecode.swift; path = QcbHandleViewController.swift; sourceTree = "<group>"; };
		92F54F10FBDEF5B33646A931 /* FabledLookupViewController.swift */ = {isa = PBXFileReference; lastKnownFileType = sourcecode.swift; path = FabledLookupViewController.swift; sourceTree = "<group>"; };
		975B0A021D8A9840EC372582 /* UbietyUawEnmuView.swift */ = {isa = PBXFileReference; lastKnownFileType = sourcecode.swift; path = UbietyUawEnmuView.swift; sourceTree = "<group>"; };
		976E4D9AD7A98F1C574506CA /* XanthineDnaViewController.swift */ = {isa = PBXFileReference; lastKnownFileType = sourcecode.swift; path = XanthineDnaViewController.swift; sourceTree = "<group>"; };
		97E4E2B8A4FB936294B2C420 /* ResultWindowViewCell.swift */ = {isa = PBXFileReference; lastKnownFileType = sourcecode.swift; path = ResultWindowViewCell.swift; sourceTree = "<group>"; };
		9801D7C44D5CBB89C7BBF9D0 /* ImplementationBabaViewCell.swift */ = {isa = PBXFileReference; lastKnownFileType = sourcecode.swift; path = ImplementationBabaViewCell.swift; sourceTree = "<group>"; };
		9B940CAE9B3A0146B4EFDDE9 /* DatPos.entitlements */ = {isa = PBXFileReference; lastKnownFileType = text.plist.entitlements; path = DatPos.entitlements; sourceTree = "<group>"; };
		A100E9E47C839F471416D03E /* PixelDacianBarController.swift */ = {isa = PBXFileReference; lastKnownFileType = sourcecode.swift; path = PixelDacianBarController.swift; sourceTree = "<group>"; };
		A10849B8189EF3CB88632375 /* SarapeFabliauViewController.swift */ = {isa = PBXFileReference; lastKnownFileType = sourcecode.swift; path = SarapeFabliauViewController.swift; sourceTree = "<group>"; };
		A21EBBA441B257783F15E4E9 /* EagreAdlViewController.swift */ = {isa = PBXFileReference; lastKnownFileType = sourcecode.swift; path = EagreAdlViewController.swift; sourceTree = "<group>"; };
		A3B45F663613DEE70471090A /* nabobismXanthinuriaotherConfig.swift */ = {isa = PBXFileReference; lastKnownFileType = sourcecode.swift; path = nabobismXanthinuriaotherConfig.swift; sourceTree = "<group>"; };
		A7A5ED730C3BB48D573090F8 /* XanthinFabricateGuideView.swift */ = {isa = PBXFileReference; lastKnownFileType = sourcecode.swift; path = XanthinFabricateGuideView.swift; sourceTree = "<group>"; };
		A7C712D2586B8395B2F07584 /* AppDelegate.swift */ = {isa = PBXFileReference; lastKnownFileType = sourcecode.swift; path = AppDelegate.swift; sourceTree = "<group>"; };
		AD6C10E659625AF02112FAF1 /* DacianCleanupViewConfig.swift */ = {isa = PBXFileReference; lastKnownFileType = sourcecode.swift; path = DacianCleanupViewConfig.swift; sourceTree = "<group>"; };
		AF9E0DAA634E42C188F00909 /* DacoitMiddlewareLogView.swift */ = {isa = PBXFileReference; lastKnownFileType = sourcecode.swift; path = DacoitMiddlewareLogView.swift; sourceTree = "<group>"; };
		B16087C340AD759E6B2E8242 /* KafAttributeDrawerConfig.swift */ = {isa = PBXFileReference; lastKnownFileType = sourcecode.swift; path = KafAttributeDrawerConfig.swift; sourceTree = "<group>"; };
		B208E88134729EA05EA5D339 /* TupleJacamarViewCell.swift */ = {isa = PBXFileReference; lastKnownFileType = sourcecode.swift; path = TupleJacamarViewCell.swift; sourceTree = "<group>"; };
		B552875B0A73770DC7CA3370 /* ArgumentNabeViewController.swift */ = {isa = PBXFileReference; lastKnownFileType = sourcecode.swift; path = ArgumentNabeViewController.swift; sourceTree = "<group>"; };
		B8C8900F753844139C70439E /* RightDemarshalSubView.swift */ = {isa = PBXFileReference; lastKnownFileType = sourcecode.swift; path = RightDemarshalSubView.swift; sourceTree = "<group>"; };
		C608E703D27A5506AB43054A /* DelegationRecordsetCenterView.swift */ = {isa = PBXFileReference; lastKnownFileType = sourcecode.swift; path = DelegationRecordsetCenterView.swift; sourceTree = "<group>"; };
		DA2AC7902874EA5F3FAA7704 /* ZaguanTaberdarViewController.swift */ = {isa = PBXFileReference; lastKnownFileType = sourcecode.swift; path = ZaguanTaberdarViewController.swift; sourceTree = "<group>"; };
		E449C4EB0756A5DDB645AA80 /* CaballeroIncrementalHomeView.swift */ = {isa = PBXFileReference; lastKnownFileType = sourcecode.swift; path = CaballeroIncrementalHomeView.swift; sourceTree = "<group>"; };
		E5AA77AD40FFA143754789EC /* ServerSideDeviceInfo.swift */ = {isa = PBXFileReference; lastKnownFileType = sourcecode.swift; path = ServerSideDeviceInfo.swift; sourceTree = "<group>"; };
		E5D2A9049A5F3373846F817A /* ExceptionZagUntitled.swift */ = {isa = PBXFileReference; lastKnownFileType = sourcecode.swift; path = ExceptionZagUntitled.swift; sourceTree = "<group>"; };
		E8BE8DF26DD7C40FC585714C /* RecursiveBugLogView.swift */ = {isa = PBXFileReference; lastKnownFileType = sourcecode.swift; path = RecursiveBugLogView.swift; sourceTree = "<group>"; };
		ECCF2FCF859C088E49F09943 /* CleanupCharacterViewController.swift */ = {isa = PBXFileReference; lastKnownFileType = sourcecode.swift; path = CleanupCharacterViewController.swift; sourceTree = "<group>"; };
		ED8306206482445B9BBD29BF /* InfrastructureJabotViewController.swift */ = {isa = PBXFileReference; lastKnownFileType = sourcecode.swift; path = InfrastructureJabotViewController.swift; sourceTree = "<group>"; };
		EF499B25DE83ED0494300B15 /* AssociatedScreenNavigationController.swift */ = {isa = PBXFileReference; lastKnownFileType = sourcecode.swift; path = AssociatedScreenNavigationController.swift; sourceTree = "<group>"; };
		FEE1294F7E0CE4997B709A7B /* OperatingRecordMeraCell.swift */ = {isa = PBXFileReference; lastKnownFileType = sourcecode.swift; path = OperatingRecordMeraCell.swift; sourceTree = "<group>"; };
/* End PBXFileReference section */

/* Begin PBXFrameworksBuildPhase section */
		59EDAD03CD7910B20EB7F94F /* Frameworks */ = {
			isa = PBXFrameworksBuildPhase;
			buildActionMask = 2147483647;
			files = (
				097C52BC9394E5EE9449F5DD /* Pods_DatPos.framework in Frameworks */,
			);
			runOnlyForDeploymentPostprocessing = 0;
		};
/* End PBXFrameworksBuildPhase section */

/* Begin PBXGroup section */
		285ADB4B1D29B2B89D4A9466 /* Products */ = {
			isa = PBXGroup;
			children = (
				67D14F8897E1C96712CE2F0E /* DatPos.app */,
			);
			name = Products;
			sourceTree = "<group>";
		};
		41BB3CE00397CB6840B7F4CF /* Frameworks */ = {
			isa = PBXGroup;
			children = (
				6CE8E7137EE54AFFC8A5EC4D /* Pods_DatPos.framework */,
			);
			name = Frameworks;
			sourceTree = "<group>";
		};
		54CA0E79BA5F044A7C74609E /* Pods */ = {
			isa = PBXGroup;
			children = (
				6006D4026B0E3D178DD97EA5 /* Pods-DatPos.debug.xcconfig */,
				042D14A9EC1BFB8D5BD5B61F /* Pods-DatPos.release.xcconfig */,
			);
			path = Pods;
			sourceTree = "<group>";
		};
		A126DB56D24DCBC46F94A6F1 = {
			isa = PBXGroup;
			children = (
				C02ACABD68D4D1EC7C49BAAF /* DatPos */,
				285ADB4B1D29B2B89D4A9466 /* Products */,
				54CA0E79BA5F044A7C74609E /* Pods */,
				41BB3CE00397CB6840B7F4CF /* Frameworks */,
			);
			sourceTree = "<group>";
		};
		C02ACABD68D4D1EC7C49BAAF /* DatPos */ = {
			isa = PBXGroup;
			children = (
				73FD443A2E9E511A0075D082 /* Untitled.swift */,
				70F4DAE5324E9303409EAC4C /* LaunchScreen.storyboard */,
				9B940CAE9B3A0146B4EFDDE9 /* DatPos.entitlements */,
				8CC3234242FF4514932D2202 /* Info.plist */,
				584CB9677C4253A2E2B05517 /* Assets.xcassets */,
				E5D2A9049A5F3373846F817A /* ExceptionZagUntitled.swift */,
				85E6997E3AA8DE08F372FE9C /* unionFabledviewconfig.swift */,
				A3B45F663613DEE70471090A /* nabobismXanthinuriaotherConfig.swift */,
				A7C712D2586B8395B2F07584 /* AppDelegate.swift */,
				1ADA40A08B40F8CEC6F064A7 /* ArialBlack.ttf */,
				3FFC190802ABF52F0FAE84A0 /* HaarlemWindowsOppDefine.swift */,
				265F71D72BBCED8234524217 /* JacalIabaFullyModel.swift */,
				8C3172CF577552758604D26F /* LibertineXanthicLocationConfig.swift */,
				AD6C10E659625AF02112FAF1 /* DacianCleanupViewConfig.swift */,
				5F7990F7EB8F9D35B415EE70 /* GabbyAardvarkLoginConfig.swift */,
				975B0A021D8A9840EC372582 /* UbietyUawEnmuView.swift */,
				AF9E0DAA634E42C188F00909 /* DacoitMiddlewareLogView.swift */,
				E8BE8DF26DD7C40FC585714C /* RecursiveBugLogView.swift */,
				85AF544FCC66F5876F98A244 /* DispidCandidateThreeConfig.swift */,
				709E14638BF28D824AB5F3C6 /* FactoringLabelRequestConfig.swift */,
				C608E703D27A5506AB43054A /* DelegationRecordsetCenterView.swift */,
				B552875B0A73770DC7CA3370 /* ArgumentNabeViewController.swift */,
				40062BFEA84110A8606E8ADE /* ForwardZahalViewController.swift */,
				05A3BFBF7E317BFE37E8CD49 /* ThinLabelViewController.swift */,
				97E4E2B8A4FB936294B2C420 /* ResultWindowViewCell.swift */,
				3D789C89F0846FC827AD5D19 /* BaseModifierListView.swift */,
				819AF09FCAF1B978598CEBEC /* MultiuserIntersectionViewCell.swift */,
				A21EBBA441B257783F15E4E9 /* EagreAdlViewController.swift */,
				E449C4EB0756A5DDB645AA80 /* CaballeroIncrementalHomeView.swift */,
				5978C043AC9D914911B4ECBF /* UbaVirtualobjMeraView.swift */,
				ECCF2FCF859C088E49F09943 /* CleanupCharacterViewController.swift */,
				FEE1294F7E0CE4997B709A7B /* OperatingRecordMeraCell.swift */,
				8710DC8313F495545EB5FA91 /* ImplementDefaultLoginView.swift */,
				4C4325538F5E94C530DAAAA7 /* KaffeeklatschFiniteHeadView.swift */,
				457C0C38D6E3994D0044330F /* QanonNabobshipViewCell.swift */,
				B8C8900F753844139C70439E /* RightDemarshalSubView.swift */,
				9801D7C44D5CBB89C7BBF9D0 /* ImplementationBabaViewCell.swift */,
				B208E88134729EA05EA5D339 /* TupleJacamarViewCell.swift */,
				4190D40E57A69D58A1FBEC73 /* XanthinAssociativeViewCell.swift */,
				64AC5ED8337787779FD71F66 /* DacIdlDateView.swift */,
				49BC588B17CF180CDB8FD542 /* ChainHabanaViewController.swift */,
				A7A5ED730C3BB48D573090F8 /* XanthinFabricateGuideView.swift */,
				ED8306206482445B9BBD29BF /* InfrastructureJabotViewController.swift */,
				A10849B8189EF3CB88632375 /* SarapeFabliauViewController.swift */,
				8D666863173B060CBC2C6423 /* QcbHandleViewController.swift */,
				976E4D9AD7A98F1C574506CA /* XanthineDnaViewController.swift */,
				DA2AC7902874EA5F3FAA7704 /* ZaguanTaberdarViewController.swift */,
				5436058B4137657C0BAC3FE1 /* RecordJacarandaViewController.swift */,
				7B7B0D2B21D4324DBD6AB849 /* FabricantTabbyViewController.swift */,
				806CD58FBB2949D99827F376 /* InfrastructureUbicationViewController.swift */,
				B16087C340AD759E6B2E8242 /* KafAttributeDrawerConfig.swift */,
				22B320A49A19A6F1AB9F5DD3 /* TriggerTabassaranOccupyConfig.swift */,
				E5AA77AD40FFA143754789EC /* ServerSideDeviceInfo.swift */,
				257C6C5BC115154EDD3663A0 /* OaklandLibidoViewController.swift */,
				A100E9E47C839F471416D03E /* PixelDacianBarController.swift */,
				EF499B25DE83ED0494300B15 /* AssociatedScreenNavigationController.swift */,
				92F54F10FBDEF5B33646A931 /* FabledLookupViewController.swift */,
			);
			path = DatPos;
			sourceTree = "<group>";
		};
/* End PBXGroup section */

/* Begin PBXNativeTarget section */
		B4321775A2C70EE18B591E3A /* DatPos */ = {
			isa = PBXNativeTarget;
			buildConfigurationList = 7A79B4B1CB9574BF4E28AF71 /* Build configuration list for PBXNativeTarget "DatPos" */;
			buildPhases = (
				6AA1DA998C411AB6FFFE093C /* [CP] Check Pods Manifest.lock */,
				64071B4358F4647E12C4B3C4 /* Sources */,
				59EDAD03CD7910B20EB7F94F /* Frameworks */,
				F79BFA954861943AE3461A72 /* Resources */,
				BB51E360C26FB0ED5D969E46 /* [CP] Embed Pods Frameworks */,
			);
			buildRules = (
			);
			dependencies = (
			);
			name = DatPos;
			productName = DatPos;
			productReference = 67D14F8897E1C96712CE2F0E /* DatPos.app */;
			productType = "com.apple.product-type.application";
		};
/* End PBXNativeTarget section */

/* Begin PBXProject section */
		8C502B2E604E2E449D86EE79 /* Project object */ = {
			isa = PBXProject;
			attributes = {
				BuildIndependentTargetsInParallel = 1;
				LastSwiftUpdateCheck = 1630;
				LastUpgradeCheck = 1630;
				TargetAttributes = {
					B4321775A2C70EE18B591E3A = {
						CreatedOnToolsVersion = 16.3;
					};
				};
			};
			buildConfigurationList = B7F7E7949CCBD0BCDB3DAE49 /* Build configuration list for PBXProject "DatPos" */;
			developmentRegion = en;
			hasScannedForEncodings = 0;
			knownRegions = (
				en,
				Base,
			);
			mainGroup = A126DB56D24DCBC46F94A6F1;
			minimizedProjectReferenceProxies = 1;
			preferredProjectObjectVersion = 77;
			productRefGroup = 285ADB4B1D29B2B89D4A9466 /* Products */;
			projectDirPath = "";
			projectRoot = "";
			targets = (
				B4321775A2C70EE18B591E3A /* DatPos */,
			);
		};
/* End PBXProject section */

/* Begin PBXResourcesBuildPhase section */
		F79BFA954861943AE3461A72 /* Resources */ = {
			isa = PBXResourcesBuildPhase;
			buildActionMask = 2147483647;
			files = (
				B795A3457ACED95432828348 /* LaunchScreen.storyboard in Resources */,
				0ECC2023BDD228AE6037441F /* Assets.xcassets in Resources */,
				C952A57C276989DC10D98E42 /* ArialBlack.ttf in Resources */,
			);
			runOnlyForDeploymentPostprocessing = 0;
		};
/* End PBXResourcesBuildPhase section */

/* Begin PBXShellScriptBuildPhase section */
		6AA1DA998C411AB6FFFE093C /* [CP] Check Pods Manifest.lock */ = {
			isa = PBXShellScriptBuildPhase;
			buildActionMask = 2147483647;
			files = (
			);
			inputFileListPaths = (
			);
			inputPaths = (
				"${PODS_PODFILE_DIR_PATH}/Podfile.lock",
				"${PODS_ROOT}/Manifest.lock",
			);
			name = "[CP] Check Pods Manifest.lock";
			outputFileListPaths = (
			);
			outputPaths = (
				"$(DERIVED_FILE_DIR)/Pods-DatPos-checkManifestLockResult.txt",
			);
			runOnlyForDeploymentPostprocessing = 0;
			shellPath = /bin/sh;
			shellScript = "diff \"${PODS_PODFILE_DIR_PATH}/Podfile.lock\" \"${PODS_ROOT}/Manifest.lock\" > /dev/null\nif [ $? != 0 ] ; then\n    # print error to STDERR\n    echo \"error: The sandbox is not in sync with the Podfile.lock. Run 'pod install' or update your CocoaPods installation.\" >&2\n    exit 1\nfi\n# This output is used by Xcode 'outputs' to avoid re-running this script phase.\necho \"SUCCESS\" > \"${SCRIPT_OUTPUT_FILE_0}\"\n";
			showEnvVarsInLog = 0;
		};
		BB51E360C26FB0ED5D969E46 /* [CP] Embed Pods Frameworks */ = {
			isa = PBXShellScriptBuildPhase;
			buildActionMask = 2147483647;
			files = (
			);
			inputFileListPaths = (
				"${PODS_ROOT}/Target Support Files/Pods-DatPos/Pods-DatPos-frameworks-${CONFIGURATION}-input-files.xcfilelist",
			);
			inputPaths = (
			);
			name = "[CP] Embed Pods Frameworks";
			outputFileListPaths = (
				"${PODS_ROOT}/Target Support Files/Pods-DatPos/Pods-DatPos-frameworks-${CONFIGURATION}-output-files.xcfilelist",
			);
			outputPaths = (
			);
			runOnlyForDeploymentPostprocessing = 0;
			shellPath = /bin/sh;
			shellScript = "\"${PODS_ROOT}/Target Support Files/Pods-DatPos/Pods-DatPos-frameworks.sh\"\n";
			showEnvVarsInLog = 0;
		};
/* End PBXShellScriptBuildPhase section */

/* Begin PBXSourcesBuildPhase section */
		64071B4358F4647E12C4B3C4 /* Sources */ = {
			isa = PBXSourcesBuildPhase;
			buildActionMask = 2147483647;
			files = (
				85029F5817DA12F0BD782865 /* QcbHandleViewController.swift in Sources */,
				FFF2247B5A4F971E696818C4 /* RecursiveBugLogView.swift in Sources */,
				646486AB3CFD5E39E29D4DA9 /* JacalIabaFullyModel.swift in Sources */,
				240E56BCF084FEEAC25B9B82 /* BaseModifierListView.swift in Sources */,
				6DAE1A7486B4980B61285464 /* UbietyUawEnmuView.swift in Sources */,
				8DFD4E505E366FF2569AA430 /* ArgumentNabeViewController.swift in Sources */,
				AD0E1FEF69624FF5D0116246 /* ExceptionZagUntitled.swift in Sources */,
				9276D1F84111674B780B0202 /* CaballeroIncrementalHomeView.swift in Sources */,
				3DB249E59A5A8EE3149530A9 /* PixelDacianBarController.swift in Sources */,
				527649F5248A049331FB8AE8 /* DacoitMiddlewareLogView.swift in Sources */,
				73FD443B2E9E511B0075D082 /* Untitled.swift in Sources */,
				BFDE60684C9BCD0281788D9E /* ForwardZahalViewController.swift in Sources */,
				CB55940F4E5656BFFA18AC8D /* XanthineDnaViewController.swift in Sources */,
				3C92AB4FE9E1E0964FF37003 /* unionFabledviewconfig.swift in Sources */,
				BCD99F80BD87D3A39D7FE40A /* ImplementationBabaViewCell.swift in Sources */,
				394C80C9F9B215C457396425 /* HaarlemWindowsOppDefine.swift in Sources */,
				627547E56B2566B4EDA46E75 /* AppDelegate.swift in Sources */,
				0F21305E91A46CCD93FBBBDE /* FabricantTabbyViewController.swift in Sources */,
				97546A13BA636BF6BA8C574C /* XanthinAssociativeViewCell.swift in Sources */,
				2DF28F8258B1A71A98445D76 /* AssociatedScreenNavigationController.swift in Sources */,
				7003A6249373D9B6BBCD9F82 /* SarapeFabliauViewController.swift in Sources */,
				86290ADCCD394DC0F8A39726 /* ServerSideDeviceInfo.swift in Sources */,
				B77408DA1B6364A560B1D645 /* KafAttributeDrawerConfig.swift in Sources */,
				24471C247B7CC9A693E1F155 /* MultiuserIntersectionViewCell.swift in Sources */,
				44F8594908AE7ECD4EC68128 /* ChainHabanaViewController.swift in Sources */,
				2BF9B6DFC02F14C5A510D3A7 /* RecordJacarandaViewController.swift in Sources */,
				1041D982169C6078F3A06ADF /* RightDemarshalSubView.swift in Sources */,
				1DB80A6D854852647F5C58C9 /* OaklandLibidoViewController.swift in Sources */,
				8CE0EE8E7F866C69454B812B /* TriggerTabassaranOccupyConfig.swift in Sources */,
				8A2D14F98E87F05B5171E01C /* ResultWindowViewCell.swift in Sources */,
				721682F240C99BB4D78D4407 /* OperatingRecordMeraCell.swift in Sources */,
				FC8866AF11E503C78C0443A9 /* DacianCleanupViewConfig.swift in Sources */,
				A925E886EA1A91CC49D15714 /* CleanupCharacterViewController.swift in Sources */,
				80D60380F42FB038F88226FA /* TupleJacamarViewCell.swift in Sources */,
				575BA8E5B84A4BD1083072AB /* ThinLabelViewController.swift in Sources */,
				6D2A1B8B64070CE29BB62C48 /* DelegationRecordsetCenterView.swift in Sources */,
				95D4C0C19A9B2CADA830B4AA /* LibertineXanthicLocationConfig.swift in Sources */,
				5B7815B2F23A34A5489CB080 /* GabbyAardvarkLoginConfig.swift in Sources */,
				ACDD9AE73E8D4F9075B89064 /* FabledLookupViewController.swift in Sources */,
				AC1930CD04097BBC492076BF /* nabobismXanthinuriaotherConfig.swift in Sources */,
				548545B63C5648F3598B431A /* InfrastructureJabotViewController.swift in Sources */,
				C8F49E3B836AAF6B6BAB82EE /* ImplementDefaultLoginView.swift in Sources */,
				0E177746EC5D699A88D74C47 /* DacIdlDateView.swift in Sources */,
				3633D40F65BC87E2D4B6DE1C /* KaffeeklatschFiniteHeadView.swift in Sources */,
				8506792568FBA38080F958CA /* QanonNabobshipViewCell.swift in Sources */,
				D81E6A45485BDC9F2CB044EE /* ZaguanTaberdarViewController.swift in Sources */,
				E9BAC944F5ED5660C937CF61 /* InfrastructureUbicationViewController.swift in Sources */,
				8BF9084905E3AE41EB8A9C38 /* FactoringLabelRequestConfig.swift in Sources */,
				D9886CDC0BF88C94E39E4760 /* UbaVirtualobjMeraView.swift in Sources */,
				8160D64373D837A4496778AE /* XanthinFabricateGuideView.swift in Sources */,
				5EE8DD56B4F72BA9A5B31036 /* EagreAdlViewController.swift in Sources */,
				2CDB97B7AF39904413AA5B42 /* DispidCandidateThreeConfig.swift in Sources */,
			);
			runOnlyForDeploymentPostprocessing = 0;
		};
/* End PBXSourcesBuildPhase section */

/* Begin XCBuildConfiguration section */
		12588996FA4B4F3B496F4651 /* Debug */ = {
			isa = XCBuildConfiguration;
			buildSettings = {
				ALWAYS_SEARCH_USER_PATHS = NO;
				ASSETCATALOG_COMPILER_GENERATE_SWIFT_ASSET_SYMBOL_EXTENSIONS = YES;
				CLANG_ANALYZER_NONNULL = YES;
				CLANG_ANALYZER_NUMBER_OBJECT_CONVERSION = YES_AGGRESSIVE;
				CLANG_CXX_LANGUAGE_STANDARD = "gnu++20";
				CLANG_ENABLE_MODULES = YES;
				CLANG_ENABLE_OBJC_ARC = YES;
				CLANG_ENABLE_OBJC_WEAK = YES;
				CLANG_WARN_BLOCK_CAPTURE_AUTORELEASING = YES;
				CLANG_WARN_BOOL_CONVERSION = YES;
				CLANG_WARN_COMMA = YES;
				CLANG_WARN_CONSTANT_CONVERSION = YES;
				CLANG_WARN_DEPRECATED_OBJC_IMPLEMENTATIONS = YES;
				CLANG_WARN_DIRECT_OBJC_ISA_USAGE = YES_ERROR;
				CLANG_WARN_DOCUMENTATION_COMMENTS = YES;
				CLANG_WARN_EMPTY_BODY = YES;
				CLANG_WARN_ENUM_CONVERSION = YES;
				CLANG_WARN_INFINITE_RECURSION = YES;
				CLANG_WARN_INT_CONVERSION = YES;
				CLANG_WARN_NON_LITERAL_NULL_CONVERSION = YES;
				CLANG_WARN_OBJC_IMPLICIT_RETAIN_SELF = YES;
				CLANG_WARN_OBJC_LITERAL_CONVERSION = YES;
				CLANG_WARN_OBJC_ROOT_CLASS = YES_ERROR;
				CLANG_WARN_QUOTED_INCLUDE_IN_FRAMEWORK_HEADER = YES;
				CLANG_WARN_RANGE_LOOP_ANALYSIS = YES;
				CLANG_WARN_STRICT_PROTOTYPES = YES;
				CLANG_WARN_SUSPICIOUS_MOVE = YES;
				CLANG_WARN_UNGUARDED_AVAILABILITY = YES_AGGRESSIVE;
				CLANG_WARN_UNREACHABLE_CODE = YES;
				CLANG_WARN__DUPLICATE_METHOD_MATCH = YES;
				COPY_PHASE_STRIP = NO;
				DEBUG_INFORMATION_FORMAT = dwarf;
				ENABLE_STRICT_OBJC_MSGSEND = YES;
				ENABLE_TESTABILITY = YES;
				ENABLE_USER_SCRIPT_SANDBOXING = YES;
				GCC_C_LANGUAGE_STANDARD = gnu17;
				GCC_DYNAMIC_NO_PIC = NO;
				GCC_NO_COMMON_BLOCKS = YES;
				GCC_OPTIMIZATION_LEVEL = 0;
				GCC_PREPROCESSOR_DEFINITIONS = (
					"DEBUG=1",
					"$(inherited)",
				);
				GCC_WARN_64_TO_32_BIT_CONVERSION = YES;
				GCC_WARN_ABOUT_RETURN_TYPE = YES_ERROR;
				GCC_WARN_UNDECLARED_SELECTOR = YES;
				GCC_WARN_UNINITIALIZED_AUTOS = YES_AGGRESSIVE;
				GCC_WARN_UNUSED_FUNCTION = YES;
				GCC_WARN_UNUSED_VARIABLE = YES;
				IPHONEOS_DEPLOYMENT_TARGET = 18.4;
				LOCALIZATION_PREFERS_STRING_CATALOGS = YES;
				MTL_ENABLE_DEBUG_INFO = INCLUDE_SOURCE;
				MTL_FAST_MATH = YES;
				ONLY_ACTIVE_ARCH = YES;
				SDKROOT = iphoneos;
				SWIFT_ACTIVE_COMPILATION_CONDITIONS = "DEBUG $(inherited)";
				SWIFT_OPTIMIZATION_LEVEL = "-Onone";
			};
			name = Debug;
		};
		52684CC7965732AEFEB575E3 /* Release */ = {
			isa = XCBuildConfiguration;
			baseConfigurationReference = 042D14A9EC1BFB8D5BD5B61F /* Pods-DatPos.release.xcconfig */;
			buildSettings = {
				ASSETCATALOG_COMPILER_APPICON_NAME = AppIcon;
				ASSETCATALOG_COMPILER_GLOBAL_ACCENT_COLOR_NAME = AccentColor;
				CODE_SIGN_ENTITLEMENTS = DatPos/DatPos.entitlements;
				CODE_SIGN_IDENTITY = "Apple Development";
				"CODE_SIGN_IDENTITY[sdk=iphoneos*]" = "iPhone Distribution";
				CODE_SIGN_STYLE = Manual;
				CURRENT_PROJECT_VERSION = 1;
				DEVELOPMENT_TEAM = "";
				"DEVELOPMENT_TEAM[sdk=iphoneos*]" = TGF943V34F;
				GENERATE_INFOPLIST_FILE = YES;
				INFOPLIST_FILE = DatPos/Info.plist;
				INFOPLIST_KEY_CFBundleDisplayName = BoostCash;
				INFOPLIST_KEY_NSCameraUsageDescription = "To ensure efficient authentication, BoostCash requires access to your camera. This permission is only used for ID shooting and facial recognition verification, and all images will be encrypted and stored.";
				INFOPLIST_KEY_NSContactsUsageDescription = "To improve the risk control system, BoostCash needs to access your address book to set up secure contacts. We only collect contact information that you actively choose and strictly follow the principle of minimum data collection.";
				INFOPLIST_KEY_NSLocationWhenInUseUsageDescription = "BoostCash needs to obtain your location information to intelligently provide more convenient services and ensure transaction security. We only obtain location data when you use the service and do not track it continuously. You can turn off this permission at any time in your phone settings.";
				INFOPLIST_KEY_NSPhotoLibraryUsageDescription = "BoostCash applies for album access permission, allowing you to quickly upload stored application materials. You can precisely control the sharing scope by selecting only the files you need to use.";
				INFOPLIST_KEY_NSUserTrackingUsageDescription = "BoostCash uses advertising identifiers to optimize financial product recommendations and provide you with more accurate services. You can manage personalized ads at any time through \"Settings - Privacy - Tracking\".";
				INFOPLIST_KEY_UIApplicationSupportsIndirectInputEvents = YES;
				INFOPLIST_KEY_UILaunchStoryboardName = LaunchScreen.storyboard;
				INFOPLIST_KEY_UISupportedInterfaceOrientations = UIInterfaceOrientationPortrait;
				INFOPLIST_KEY_UISupportedInterfaceOrientations_iPad = "UIInterfaceOrientationLandscapeLeft UIInterfaceOrientationLandscapeRight UIInterfaceOrientationPortrait UIInterfaceOrientationPortraitUpsideDown";
				INFOPLIST_KEY_UIUserInterfaceStyle = Light;
				IPHONEOS_DEPLOYMENT_TARGET = 14.0;
				LD_RUNPATH_SEARCH_PATHS = (
					"$(inherited)",
					"@executable_path/Frameworks",
				);
				MARKETING_VERSION = 1.0.0;
				PRODUCT_BUNDLE_IDENTIFIER = com.feilvbinfour.testappid;
				PRODUCT_NAME = "$(TARGET_NAME)";
				PROVISIONING_PROFILE_SPECIFIER = "";
				"PROVISIONING_PROFILE_SPECIFIER[sdk=iphoneos*]" = FeiLvBinFourProfile;
				SUPPORTED_PLATFORMS = "iphoneos iphonesimulator";
				SUPPORTS_MACCATALYST = NO;
				SUPPORTS_MAC_DESIGNED_FOR_IPHONE_IPAD = NO;
				SUPPORTS_XR_DESIGNED_FOR_IPHONE_IPAD = NO;
				SWIFT_EMIT_LOC_STRINGS = YES;
				SWIFT_VERSION = 5.0;
				TARGETED_DEVICE_FAMILY = 1;
			};
			name = Release;
		};
		66D6B5B67074F5B883066BA9 /* Release */ = {
			isa = XCBuildConfiguration;
			buildSettings = {
				ALWAYS_SEARCH_USER_PATHS = NO;
				ASSETCATALOG_COMPILER_GENERATE_SWIFT_ASSET_SYMBOL_EXTENSIONS = YES;
				CLANG_ANALYZER_NONNULL = YES;
				CLANG_ANALYZER_NUMBER_OBJECT_CONVERSION = YES_AGGRESSIVE;
				CLANG_CXX_LANGUAGE_STANDARD = "gnu++20";
				CLANG_ENABLE_MODULES = YES;
				CLANG_ENABLE_OBJC_ARC = YES;
				CLANG_ENABLE_OBJC_WEAK = YES;
				CLANG_WARN_BLOCK_CAPTURE_AUTORELEASING = YES;
				CLANG_WARN_BOOL_CONVERSION = YES;
				CLANG_WARN_COMMA = YES;
				CLANG_WARN_CONSTANT_CONVERSION = YES;
				CLANG_WARN_DEPRECATED_OBJC_IMPLEMENTATIONS = YES;
				CLANG_WARN_DIRECT_OBJC_ISA_USAGE = YES_ERROR;
				CLANG_WARN_DOCUMENTATION_COMMENTS = YES;
				CLANG_WARN_EMPTY_BODY = YES;
				CLANG_WARN_ENUM_CONVERSION = YES;
				CLANG_WARN_INFINITE_RECURSION = YES;
				CLANG_WARN_INT_CONVERSION = YES;
				CLANG_WARN_NON_LITERAL_NULL_CONVERSION = YES;
				CLANG_WARN_OBJC_IMPLICIT_RETAIN_SELF = YES;
				CLANG_WARN_OBJC_LITERAL_CONVERSION = YES;
				CLANG_WARN_OBJC_ROOT_CLASS = YES_ERROR;
				CLANG_WARN_QUOTED_INCLUDE_IN_FRAMEWORK_HEADER = YES;
				CLANG_WARN_RANGE_LOOP_ANALYSIS = YES;
				CLANG_WARN_STRICT_PROTOTYPES = YES;
				CLANG_WARN_SUSPICIOUS_MOVE = YES;
				CLANG_WARN_UNGUARDED_AVAILABILITY = YES_AGGRESSIVE;
				CLANG_WARN_UNREACHABLE_CODE = YES;
				CLANG_WARN__DUPLICATE_METHOD_MATCH = YES;
				COPY_PHASE_STRIP = NO;
				DEBUG_INFORMATION_FORMAT = "dwarf-with-dsym";
				ENABLE_NS_ASSERTIONS = NO;
				ENABLE_STRICT_OBJC_MSGSEND = YES;
				ENABLE_USER_SCRIPT_SANDBOXING = YES;
				GCC_C_LANGUAGE_STANDARD = gnu17;
				GCC_NO_COMMON_BLOCKS = YES;
				GCC_WARN_64_TO_32_BIT_CONVERSION = YES;
				GCC_WARN_ABOUT_RETURN_TYPE = YES_ERROR;
				GCC_WARN_UNDECLARED_SELECTOR = YES;
				GCC_WARN_UNINITIALIZED_AUTOS = YES_AGGRESSIVE;
				GCC_WARN_UNUSED_FUNCTION = YES;
				GCC_WARN_UNUSED_VARIABLE = YES;
				IPHONEOS_DEPLOYMENT_TARGET = 18.4;
				LOCALIZATION_PREFERS_STRING_CATALOGS = YES;
				MTL_ENABLE_DEBUG_INFO = NO;
				MTL_FAST_MATH = YES;
				SDKROOT = iphoneos;
				SWIFT_COMPILATION_MODE = wholemodule;
				VALIDATE_PRODUCT = YES;
			};
			name = Release;
		};
		C4828AABD6037A5A19F828B0 /* Debug */ = {
			isa = XCBuildConfiguration;
			baseConfigurationReference = 6006D4026B0E3D178DD97EA5 /* Pods-DatPos.debug.xcconfig */;
			buildSettings = {
				ASSETCATALOG_COMPILER_APPICON_NAME = AppIcon;
				ASSETCATALOG_COMPILER_GLOBAL_ACCENT_COLOR_NAME = AccentColor;
				CODE_SIGN_ENTITLEMENTS = DatPos/DatPos.entitlements;
				CODE_SIGN_IDENTITY = "Apple Development";
				"CODE_SIGN_IDENTITY[sdk=iphoneos*]" = "iPhone Distribution";
				CODE_SIGN_STYLE = Manual;
				CURRENT_PROJECT_VERSION = 1;
				DEVELOPMENT_TEAM = "";
				"DEVELOPMENT_TEAM[sdk=iphoneos*]" = TGF943V34F;
				GENERATE_INFOPLIST_FILE = YES;
				INFOPLIST_FILE = DatPos/Info.plist;
				INFOPLIST_KEY_CFBundleDisplayName = BoostCash;
				INFOPLIST_KEY_NSCameraUsageDescription = "To ensure efficient authentication, BoostCash requires access to your camera. This permission is only used for ID shooting and facial recognition verification, and all images will be encrypted and stored.";
				INFOPLIST_KEY_NSContactsUsageDescription = "To improve the risk control system, BoostCash needs to access your address book to set up secure contacts. We only collect contact information that you actively choose and strictly follow the principle of minimum data collection.";
				INFOPLIST_KEY_NSLocationWhenInUseUsageDescription = "BoostCash needs to obtain your location information to intelligently provide more convenient services and ensure transaction security. We only obtain location data when you use the service and do not track it continuously. You can turn off this permission at any time in your phone settings.";
				INFOPLIST_KEY_NSPhotoLibraryUsageDescription = "BoostCash applies for album access permission, allowing you to quickly upload stored application materials. You can precisely control the sharing scope by selecting only the files you need to use.";
				INFOPLIST_KEY_NSUserTrackingUsageDescription = "BoostCash uses advertising identifiers to optimize financial product recommendations and provide you with more accurate services. You can manage personalized ads at any time through \"Settings - Privacy - Tracking\".";
				INFOPLIST_KEY_UIApplicationSupportsIndirectInputEvents = YES;
				INFOPLIST_KEY_UILaunchStoryboardName = LaunchScreen.storyboard;
				INFOPLIST_KEY_UISupportedInterfaceOrientations = UIInterfaceOrientationPortrait;
				INFOPLIST_KEY_UISupportedInterfaceOrientations_iPad = "UIInterfaceOrientationLandscapeLeft UIInterfaceOrientationLandscapeRight UIInterfaceOrientationPortrait UIInterfaceOrientationPortraitUpsideDown";
				INFOPLIST_KEY_UIUserInterfaceStyle = Light;
				IPHONEOS_DEPLOYMENT_TARGET = 14.0;
				LD_RUNPATH_SEARCH_PATHS = (
					"$(inherited)",
					"@executable_path/Frameworks",
				);
				MARKETING_VERSION = 1.0.0;
				PRODUCT_BUNDLE_IDENTIFIER = com.feilvbinfour.testappid;
				PRODUCT_NAME = "$(TARGET_NAME)";
				PROVISIONING_PROFILE_SPECIFIER = "";
				"PROVISIONING_PROFILE_SPECIFIER[sdk=iphoneos*]" = FeiLvBinFourProfile;
				SUPPORTED_PLATFORMS = "iphoneos iphonesimulator";
				SUPPORTS_MACCATALYST = NO;
				SUPPORTS_MAC_DESIGNED_FOR_IPHONE_IPAD = NO;
				SUPPORTS_XR_DESIGNED_FOR_IPHONE_IPAD = NO;
				SWIFT_EMIT_LOC_STRINGS = YES;
				SWIFT_VERSION = 5.0;
				TARGETED_DEVICE_FAMILY = 1;
			};
			name = Debug;
		};
/* End XCBuildConfiguration section */

/* Begin XCConfigurationList section */
		7A79B4B1CB9574BF4E28AF71 /* Build configuration list for PBXNativeTarget "DatPos" */ = {
			isa = XCConfigurationList;
			buildConfigurations = (
				C4828AABD6037A5A19F828B0 /* Debug */,
				52684CC7965732AEFEB575E3 /* Release */,
			);
			defaultConfigurationIsVisible = 0;
			defaultConfigurationName = Release;
		};
		B7F7E7949CCBD0BCDB3DAE49 /* Build configuration list for PBXProject "DatPos" */ = {
			isa = XCConfigurationList;
			buildConfigurations = (
				12588996FA4B4F3B496F4651 /* Debug */,
				66D6B5B67074F5B883066BA9 /* Release */,
			);
			defaultConfigurationIsVisible = 0;
			defaultConfigurationName = Release;
		};
/* End XCConfigurationList section */
	};
	rootObject = 8C502B2E604E2E449D86EE79 /* Project object */;
}
