// !$*UTF8*$!
{
	archiveVersion = 1;
	classes = {
	};
	objectVersion = 77;
	objects = {

/* Begin PBXBuildFile section */
		420ED8A214ABD12C0323B7F1 /* Pods_ZoomPeso.framework in Frameworks */ = {isa = PBXBuildFile; fileRef = 3346BCA40071A509D8B6B1CF /* Pods_ZoomPeso.framework */; };
		733DC9F72DB5CF7E009AA17E /* AppDelegate.swift in Sources */ = {isa = PBXBuildFile; fileRef = 733DC9ED2DB5CF7E009AA17E /* AppDelegate.swift */; };
		733DC9FA2DB5CF7E009AA17E /* Assets.xcassets in Resources */ = {isa = PBXBuildFile; fileRef = 733DC9EE2DB5CF7E009AA17E /* Assets.xcassets */; };
		733DC9FC2DB5CF7E009AA17E /* LaunchScreen.storyboard in Resources */ = {isa = PBXBuildFile; fileRef = 733DC9F12DB5CF7E009AA17E /* LaunchScreen.storyboard */; };
		733DC9FF2DB5D68E009AA17E /* ArialBlack.ttf in Resources */ = {isa = PBXBuildFile; fileRef = 733DC9FE2DB5D68E009AA17E /* ArialBlack.ttf */; };
		733DCA012DB5DC84009AA17E /* Define.swift in Sources */ = {isa = PBXBuildFile; fileRef = 733DCA002DB5DC84009AA17E /* Define.swift */; };
		733DCA052DB5DD75009AA17E /* BaseViewController.swift in Sources */ = {isa = PBXBuildFile; fileRef = 733DCA042DB5DD75009AA17E /* BaseViewController.swift */; };
		733DCA072DB5DDA2009AA17E /* BaseTabBarController.swift in Sources */ = {isa = PBXBuildFile; fileRef = 733DCA062DB5DDA2009AA17E /* BaseTabBarController.swift */; };
		733DCA092DB5DDC4009AA17E /* BaseNavigationController.swift in Sources */ = {isa = PBXBuildFile; fileRef = 733DCA082DB5DDC4009AA17E /* BaseNavigationController.swift */; };
		733DCA112DB5DF36009AA17E /* RequestConfig.swift in Sources */ = {isa = PBXBuildFile; fileRef = 733DCA102DB5DF36009AA17E /* RequestConfig.swift */; };
		733DCA132DB5E04C009AA17E /* LaunchViewController.swift in Sources */ = {isa = PBXBuildFile; fileRef = 733DCA122DB5E04C009AA17E /* LaunchViewController.swift */; };
/* End PBXBuildFile section */

/* Begin PBXFileReference section */
		3346BCA40071A509D8B6B1CF /* Pods_ZoomPeso.framework */ = {isa = PBXFileReference; explicitFileType = wrapper.framework; includeInIndex = 0; path = Pods_ZoomPeso.framework; sourceTree = BUILT_PRODUCTS_DIR; };
		3AF90C2B2DAAB457EB52CFC6 /* Pods-ZoomPeso.debug.xcconfig */ = {isa = PBXFileReference; includeInIndex = 1; lastKnownFileType = text.xcconfig; name = "Pods-ZoomPeso.debug.xcconfig"; path = "Target Support Files/Pods-ZoomPeso/Pods-ZoomPeso.debug.xcconfig"; sourceTree = "<group>"; };
		733DC9D52DB5CF76009AA17E /* ZoomPeso.app */ = {isa = PBXFileReference; explicitFileType = wrapper.application; includeInIndex = 0; path = ZoomPeso.app; sourceTree = BUILT_PRODUCTS_DIR; };
		733DC9ED2DB5CF7E009AA17E /* AppDelegate.swift */ = {isa = PBXFileReference; lastKnownFileType = sourcecode.swift; path = AppDelegate.swift; sourceTree = "<group>"; };
		733DC9EE2DB5CF7E009AA17E /* Assets.xcassets */ = {isa = PBXFileReference; lastKnownFileType = folder.assetcatalog; path = Assets.xcassets; sourceTree = "<group>"; };
		733DC9EF2DB5CF7E009AA17E /* Info.plist */ = {isa = PBXFileReference; lastKnownFileType = text.plist.xml; path = Info.plist; sourceTree = "<group>"; };
		733DC9F02DB5CF7E009AA17E /* Base */ = {isa = PBXFileReference; lastKnownFileType = file.storyboard; name = Base; path = Base.lproj/LaunchScreen.storyboard; sourceTree = "<group>"; };
		733DC9FE2DB5D68E009AA17E /* ArialBlack.ttf */ = {isa = PBXFileReference; lastKnownFileType = file; path = ArialBlack.ttf; sourceTree = "<group>"; };
		733DCA002DB5DC84009AA17E /* Define.swift */ = {isa = PBXFileReference; lastKnownFileType = sourcecode.swift; path = Define.swift; sourceTree = "<group>"; };
		733DCA042DB5DD75009AA17E /* BaseViewController.swift */ = {isa = PBXFileReference; lastKnownFileType = sourcecode.swift; path = BaseViewController.swift; sourceTree = "<group>"; };
		733DCA062DB5DDA2009AA17E /* BaseTabBarController.swift */ = {isa = PBXFileReference; lastKnownFileType = sourcecode.swift; path = BaseTabBarController.swift; sourceTree = "<group>"; };
		733DCA082DB5DDC4009AA17E /* BaseNavigationController.swift */ = {isa = PBXFileReference; lastKnownFileType = sourcecode.swift; path = BaseNavigationController.swift; sourceTree = "<group>"; };
		733DCA102DB5DF36009AA17E /* RequestConfig.swift */ = {isa = PBXFileReference; lastKnownFileType = sourcecode.swift; path = RequestConfig.swift; sourceTree = "<group>"; };
		733DCA122DB5E04C009AA17E /* LaunchViewController.swift */ = {isa = PBXFileReference; lastKnownFileType = sourcecode.swift; path = LaunchViewController.swift; sourceTree = "<group>"; };
		CEDDA2CBD9C04EE29B8EB8E2 /* Pods-ZoomPeso.release.xcconfig */ = {isa = PBXFileReference; includeInIndex = 1; lastKnownFileType = text.xcconfig; name = "Pods-ZoomPeso.release.xcconfig"; path = "Target Support Files/Pods-ZoomPeso/Pods-ZoomPeso.release.xcconfig"; sourceTree = "<group>"; };
/* End PBXFileReference section */

/* Begin PBXFrameworksBuildPhase section */
		733DC9D22DB5CF76009AA17E /* Frameworks */ = {
			isa = PBXFrameworksBuildPhase;
			buildActionMask = 2147483647;
			files = (
				420ED8A214ABD12C0323B7F1 /* Pods_ZoomPeso.framework in Frameworks */,
			);
			runOnlyForDeploymentPostprocessing = 0;
		};
/* End PBXFrameworksBuildPhase section */

/* Begin PBXGroup section */
		733DC9CC2DB5CF76009AA17E = {
			isa = PBXGroup;
			children = (
				733DC9F62DB5CF7E009AA17E /* ZoomPeso */,
				733DC9D62DB5CF76009AA17E /* Products */,
				B5AA296332F9B03D1D0EEB75 /* Pods */,
				C57EEA18ECF023820C66AAEC /* Frameworks */,
			);
			sourceTree = "<group>";
		};
		733DC9D62DB5CF76009AA17E /* Products */ = {
			isa = PBXGroup;
			children = (
				733DC9D52DB5CF76009AA17E /* ZoomPeso.app */,
			);
			name = Products;
			sourceTree = "<group>";
		};
		733DC9F62DB5CF7E009AA17E /* ZoomPeso */ = {
			isa = PBXGroup;
			children = (
				733DC9EF2DB5CF7E009AA17E /* Info.plist */,
				733DC9EE2DB5CF7E009AA17E /* Assets.xcassets */,
				733DC9F12DB5CF7E009AA17E /* LaunchScreen.storyboard */,
				733DCA032DB5DCD5009AA17E /* Main */,
				733DCA0F2DB5DE2B009AA17E /* Request */,
				733DCA022DB5DCD2009AA17E /* Controller */,
			);
			path = ZoomPeso;
			sourceTree = "<group>";
		};
		733DCA022DB5DCD2009AA17E /* Controller */ = {
			isa = PBXGroup;
			children = (
				733DCA0E2DB5DE17009AA17E /* Center */,
				733DCA0D2DB5DE14009AA17E /* Order */,
				733DCA0C2DB5DE12009AA17E /* Home */,
				733DCA0B2DB5DE0C009AA17E /* Login */,
				733DCA0A2DB5DDFE009AA17E /* BaseVc */,
			);
			path = Controller;
			sourceTree = "<group>";
		};
		733DCA032DB5DCD5009AA17E /* Main */ = {
			isa = PBXGroup;
			children = (
				733DCA002DB5DC84009AA17E /* Define.swift */,
				733DC9FE2DB5D68E009AA17E /* ArialBlack.ttf */,
				733DC9ED2DB5CF7E009AA17E /* AppDelegate.swift */,
			);
			path = Main;
			sourceTree = "<group>";
		};
		733DCA0A2DB5DDFE009AA17E /* BaseVc */ = {
			isa = PBXGroup;
			children = (
				733DCA042DB5DD75009AA17E /* BaseViewController.swift */,
				733DCA062DB5DDA2009AA17E /* BaseTabBarController.swift */,
				733DCA082DB5DDC4009AA17E /* BaseNavigationController.swift */,
				733DCA122DB5E04C009AA17E /* LaunchViewController.swift */,
			);
			path = BaseVc;
			sourceTree = "<group>";
		};
		733DCA0B2DB5DE0C009AA17E /* Login */ = {
			isa = PBXGroup;
			children = (
			);
			path = Login;
			sourceTree = "<group>";
		};
		733DCA0C2DB5DE12009AA17E /* Home */ = {
			isa = PBXGroup;
			children = (
			);
			path = Home;
			sourceTree = "<group>";
		};
		733DCA0D2DB5DE14009AA17E /* Order */ = {
			isa = PBXGroup;
			children = (
			);
			path = Order;
			sourceTree = "<group>";
		};
		733DCA0E2DB5DE17009AA17E /* Center */ = {
			isa = PBXGroup;
			children = (
			);
			path = Center;
			sourceTree = "<group>";
		};
		733DCA0F2DB5DE2B009AA17E /* Request */ = {
			isa = PBXGroup;
			children = (
				733DCA102DB5DF36009AA17E /* RequestConfig.swift */,
			);
			path = Request;
			sourceTree = "<group>";
		};
		B5AA296332F9B03D1D0EEB75 /* Pods */ = {
			isa = PBXGroup;
			children = (
				3AF90C2B2DAAB457EB52CFC6 /* Pods-ZoomPeso.debug.xcconfig */,
				CEDDA2CBD9C04EE29B8EB8E2 /* Pods-ZoomPeso.release.xcconfig */,
			);
			path = Pods;
			sourceTree = "<group>";
		};
		C57EEA18ECF023820C66AAEC /* Frameworks */ = {
			isa = PBXGroup;
			children = (
				3346BCA40071A509D8B6B1CF /* Pods_ZoomPeso.framework */,
			);
			name = Frameworks;
			sourceTree = "<group>";
		};
/* End PBXGroup section */

/* Begin PBXNativeTarget section */
		733DC9D42DB5CF76009AA17E /* ZoomPeso */ = {
			isa = PBXNativeTarget;
			buildConfigurationList = 733DC9E82DB5CF78009AA17E /* Build configuration list for PBXNativeTarget "ZoomPeso" */;
			buildPhases = (
				6F4CE6C42652979D85F798DB /* [CP] Check Pods Manifest.lock */,
				733DC9D12DB5CF76009AA17E /* Sources */,
				733DC9D22DB5CF76009AA17E /* Frameworks */,
				733DC9D32DB5CF76009AA17E /* Resources */,
				906D1BB7AC69B1F24F458091 /* [CP] Embed Pods Frameworks */,
			);
			buildRules = (
			);
			dependencies = (
			);
			name = ZoomPeso;
			productName = ZoomPeso;
			productReference = 733DC9D52DB5CF76009AA17E /* ZoomPeso.app */;
			productType = "com.apple.product-type.application";
		};
/* End PBXNativeTarget section */

/* Begin PBXProject section */
		733DC9CD2DB5CF76009AA17E /* Project object */ = {
			isa = PBXProject;
			attributes = {
				BuildIndependentTargetsInParallel = 1;
				LastSwiftUpdateCheck = 1630;
				LastUpgradeCheck = 1630;
				TargetAttributes = {
					733DC9D42DB5CF76009AA17E = {
						CreatedOnToolsVersion = 16.3;
					};
				};
			};
			buildConfigurationList = 733DC9D02DB5CF76009AA17E /* Build configuration list for PBXProject "ZoomPeso" */;
			developmentRegion = en;
			hasScannedForEncodings = 0;
			knownRegions = (
				en,
				Base,
			);
			mainGroup = 733DC9CC2DB5CF76009AA17E;
			minimizedProjectReferenceProxies = 1;
			preferredProjectObjectVersion = 77;
			productRefGroup = 733DC9D62DB5CF76009AA17E /* Products */;
			projectDirPath = "";
			projectRoot = "";
			targets = (
				733DC9D42DB5CF76009AA17E /* ZoomPeso */,
			);
		};
/* End PBXProject section */

/* Begin PBXResourcesBuildPhase section */
		733DC9D32DB5CF76009AA17E /* Resources */ = {
			isa = PBXResourcesBuildPhase;
			buildActionMask = 2147483647;
			files = (
				733DC9FA2DB5CF7E009AA17E /* Assets.xcassets in Resources */,
				733DC9FC2DB5CF7E009AA17E /* LaunchScreen.storyboard in Resources */,
				733DC9FF2DB5D68E009AA17E /* ArialBlack.ttf in Resources */,
			);
			runOnlyForDeploymentPostprocessing = 0;
		};
/* End PBXResourcesBuildPhase section */

/* Begin PBXShellScriptBuildPhase section */
		6F4CE6C42652979D85F798DB /* [CP] Check Pods Manifest.lock */ = {
			isa = PBXShellScriptBuildPhase;
			buildActionMask = 2147483647;
			files = (
			);
			inputFileListPaths = (
			);
			inputPaths = (
				"${PODS_PODFILE_DIR_PATH}/Podfile.lock",
				"${PODS_ROOT}/Manifest.lock",
			);
			name = "[CP] Check Pods Manifest.lock";
			outputFileListPaths = (
			);
			outputPaths = (
				"$(DERIVED_FILE_DIR)/Pods-ZoomPeso-checkManifestLockResult.txt",
			);
			runOnlyForDeploymentPostprocessing = 0;
			shellPath = /bin/sh;
			shellScript = "diff \"${PODS_PODFILE_DIR_PATH}/Podfile.lock\" \"${PODS_ROOT}/Manifest.lock\" > /dev/null\nif [ $? != 0 ] ; then\n    # print error to STDERR\n    echo \"error: The sandbox is not in sync with the Podfile.lock. Run 'pod install' or update your CocoaPods installation.\" >&2\n    exit 1\nfi\n# This output is used by Xcode 'outputs' to avoid re-running this script phase.\necho \"SUCCESS\" > \"${SCRIPT_OUTPUT_FILE_0}\"\n";
			showEnvVarsInLog = 0;
		};
		906D1BB7AC69B1F24F458091 /* [CP] Embed Pods Frameworks */ = {
			isa = PBXShellScriptBuildPhase;
			buildActionMask = 2147483647;
			files = (
			);
			inputFileListPaths = (
				"${PODS_ROOT}/Target Support Files/Pods-ZoomPeso/Pods-ZoomPeso-frameworks-${CONFIGURATION}-input-files.xcfilelist",
			);
			inputPaths = (
			);
			name = "[CP] Embed Pods Frameworks";
			outputFileListPaths = (
				"${PODS_ROOT}/Target Support Files/Pods-ZoomPeso/Pods-ZoomPeso-frameworks-${CONFIGURATION}-output-files.xcfilelist",
			);
			outputPaths = (
			);
			runOnlyForDeploymentPostprocessing = 0;
			shellPath = /bin/sh;
			shellScript = "\"${PODS_ROOT}/Target Support Files/Pods-ZoomPeso/Pods-ZoomPeso-frameworks.sh\"\n";
			showEnvVarsInLog = 0;
		};
/* End PBXShellScriptBuildPhase section */

/* Begin PBXSourcesBuildPhase section */
		733DC9D12DB5CF76009AA17E /* Sources */ = {
			isa = PBXSourcesBuildPhase;
			buildActionMask = 2147483647;
			files = (
				733DCA072DB5DDA2009AA17E /* BaseTabBarController.swift in Sources */,
				733DCA012DB5DC84009AA17E /* Define.swift in Sources */,
				733DC9F72DB5CF7E009AA17E /* AppDelegate.swift in Sources */,
				733DCA092DB5DDC4009AA17E /* BaseNavigationController.swift in Sources */,
				733DCA052DB5DD75009AA17E /* BaseViewController.swift in Sources */,
				733DCA132DB5E04C009AA17E /* LaunchViewController.swift in Sources */,
				733DCA112DB5DF36009AA17E /* RequestConfig.swift in Sources */,
			);
			runOnlyForDeploymentPostprocessing = 0;
		};
/* End PBXSourcesBuildPhase section */

/* Begin PBXVariantGroup section */
		733DC9F12DB5CF7E009AA17E /* LaunchScreen.storyboard */ = {
			isa = PBXVariantGroup;
			children = (
				733DC9F02DB5CF7E009AA17E /* Base */,
			);
			name = LaunchScreen.storyboard;
			sourceTree = "<group>";
		};
/* End PBXVariantGroup section */

/* Begin XCBuildConfiguration section */
		733DC9E92DB5CF78009AA17E /* Debug */ = {
			isa = XCBuildConfiguration;
			baseConfigurationReference = 3AF90C2B2DAAB457EB52CFC6 /* Pods-ZoomPeso.debug.xcconfig */;
			buildSettings = {
				ASSETCATALOG_COMPILER_APPICON_NAME = AppIcon;
				ASSETCATALOG_COMPILER_GLOBAL_ACCENT_COLOR_NAME = AccentColor;
				"CODE_SIGN_IDENTITY[sdk=iphoneos*]" = "iPhone Developer";
				CODE_SIGN_STYLE = Manual;
				CURRENT_PROJECT_VERSION = 1;
				DEVELOPMENT_TEAM = "";
				"DEVELOPMENT_TEAM[sdk=iphoneos*]" = 2F6XZMZ52M;
				GENERATE_INFOPLIST_FILE = YES;
				INFOPLIST_FILE = ZoomPeso/Info.plist;
				INFOPLIST_KEY_UIApplicationSupportsIndirectInputEvents = YES;
				INFOPLIST_KEY_UILaunchStoryboardName = LaunchScreen;
				INFOPLIST_KEY_UISupportedInterfaceOrientations = UIInterfaceOrientationPortrait;
				INFOPLIST_KEY_UISupportedInterfaceOrientations_iPad = "UIInterfaceOrientationLandscapeLeft UIInterfaceOrientationLandscapeRight UIInterfaceOrientationPortrait UIInterfaceOrientationPortraitUpsideDown";
				IPHONEOS_DEPLOYMENT_TARGET = 14.0;
				LD_RUNPATH_SEARCH_PATHS = (
					"$(inherited)",
					"@executable_path/Frameworks",
				);
				MARKETING_VERSION = 1.0.0;
				PRODUCT_BUNDLE_IDENTIFIER = com.company.pesopita;
				PRODUCT_NAME = "$(TARGET_NAME)";
				PROVISIONING_PROFILE_SPECIFIER = "";
				"PROVISIONING_PROFILE_SPECIFIER[sdk=iphoneos*]" = CompanyPesoPita;
				SUPPORTED_PLATFORMS = "iphoneos iphonesimulator";
				SUPPORTS_MACCATALYST = NO;
				SUPPORTS_MAC_DESIGNED_FOR_IPHONE_IPAD = NO;
				SUPPORTS_XR_DESIGNED_FOR_IPHONE_IPAD = NO;
				SWIFT_EMIT_LOC_STRINGS = YES;
				SWIFT_VERSION = 5.0;
				TARGETED_DEVICE_FAMILY = 1;
			};
			name = Debug;
		};
		733DC9EA2DB5CF78009AA17E /* Release */ = {
			isa = XCBuildConfiguration;
			baseConfigurationReference = CEDDA2CBD9C04EE29B8EB8E2 /* Pods-ZoomPeso.release.xcconfig */;
			buildSettings = {
				ASSETCATALOG_COMPILER_APPICON_NAME = AppIcon;
				ASSETCATALOG_COMPILER_GLOBAL_ACCENT_COLOR_NAME = AccentColor;
				"CODE_SIGN_IDENTITY[sdk=iphoneos*]" = "iPhone Developer";
				CODE_SIGN_STYLE = Manual;
				CURRENT_PROJECT_VERSION = 1;
				DEVELOPMENT_TEAM = "";
				"DEVELOPMENT_TEAM[sdk=iphoneos*]" = 2F6XZMZ52M;
				GENERATE_INFOPLIST_FILE = YES;
				INFOPLIST_FILE = ZoomPeso/Info.plist;
				INFOPLIST_KEY_UIApplicationSupportsIndirectInputEvents = YES;
				INFOPLIST_KEY_UILaunchStoryboardName = LaunchScreen;
				INFOPLIST_KEY_UISupportedInterfaceOrientations = UIInterfaceOrientationPortrait;
				INFOPLIST_KEY_UISupportedInterfaceOrientations_iPad = "UIInterfaceOrientationLandscapeLeft UIInterfaceOrientationLandscapeRight UIInterfaceOrientationPortrait UIInterfaceOrientationPortraitUpsideDown";
				IPHONEOS_DEPLOYMENT_TARGET = 14.0;
				LD_RUNPATH_SEARCH_PATHS = (
					"$(inherited)",
					"@executable_path/Frameworks",
				);
				MARKETING_VERSION = 1.0.0;
				PRODUCT_BUNDLE_IDENTIFIER = com.company.pesopita;
				PRODUCT_NAME = "$(TARGET_NAME)";
				PROVISIONING_PROFILE_SPECIFIER = "";
				"PROVISIONING_PROFILE_SPECIFIER[sdk=iphoneos*]" = CompanyPesoPita;
				SUPPORTED_PLATFORMS = "iphoneos iphonesimulator";
				SUPPORTS_MACCATALYST = NO;
				SUPPORTS_MAC_DESIGNED_FOR_IPHONE_IPAD = NO;
				SUPPORTS_XR_DESIGNED_FOR_IPHONE_IPAD = NO;
				SWIFT_EMIT_LOC_STRINGS = YES;
				SWIFT_VERSION = 5.0;
				TARGETED_DEVICE_FAMILY = 1;
			};
			name = Release;
		};
		733DC9EB2DB5CF78009AA17E /* Debug */ = {
			isa = XCBuildConfiguration;
			buildSettings = {
				ALWAYS_SEARCH_USER_PATHS = NO;
				ASSETCATALOG_COMPILER_GENERATE_SWIFT_ASSET_SYMBOL_EXTENSIONS = YES;
				CLANG_ANALYZER_NONNULL = YES;
				CLANG_ANALYZER_NUMBER_OBJECT_CONVERSION = YES_AGGRESSIVE;
				CLANG_CXX_LANGUAGE_STANDARD = "gnu++20";
				CLANG_ENABLE_MODULES = YES;
				CLANG_ENABLE_OBJC_ARC = YES;
				CLANG_ENABLE_OBJC_WEAK = YES;
				CLANG_WARN_BLOCK_CAPTURE_AUTORELEASING = YES;
				CLANG_WARN_BOOL_CONVERSION = YES;
				CLANG_WARN_COMMA = YES;
				CLANG_WARN_CONSTANT_CONVERSION = YES;
				CLANG_WARN_DEPRECATED_OBJC_IMPLEMENTATIONS = YES;
				CLANG_WARN_DIRECT_OBJC_ISA_USAGE = YES_ERROR;
				CLANG_WARN_DOCUMENTATION_COMMENTS = YES;
				CLANG_WARN_EMPTY_BODY = YES;
				CLANG_WARN_ENUM_CONVERSION = YES;
				CLANG_WARN_INFINITE_RECURSION = YES;
				CLANG_WARN_INT_CONVERSION = YES;
				CLANG_WARN_NON_LITERAL_NULL_CONVERSION = YES;
				CLANG_WARN_OBJC_IMPLICIT_RETAIN_SELF = YES;
				CLANG_WARN_OBJC_LITERAL_CONVERSION = YES;
				CLANG_WARN_OBJC_ROOT_CLASS = YES_ERROR;
				CLANG_WARN_QUOTED_INCLUDE_IN_FRAMEWORK_HEADER = YES;
				CLANG_WARN_RANGE_LOOP_ANALYSIS = YES;
				CLANG_WARN_STRICT_PROTOTYPES = YES;
				CLANG_WARN_SUSPICIOUS_MOVE = YES;
				CLANG_WARN_UNGUARDED_AVAILABILITY = YES_AGGRESSIVE;
				CLANG_WARN_UNREACHABLE_CODE = YES;
				CLANG_WARN__DUPLICATE_METHOD_MATCH = YES;
				COPY_PHASE_STRIP = NO;
				DEBUG_INFORMATION_FORMAT = dwarf;
				ENABLE_STRICT_OBJC_MSGSEND = YES;
				ENABLE_TESTABILITY = YES;
				ENABLE_USER_SCRIPT_SANDBOXING = YES;
				GCC_C_LANGUAGE_STANDARD = gnu17;
				GCC_DYNAMIC_NO_PIC = NO;
				GCC_NO_COMMON_BLOCKS = YES;
				GCC_OPTIMIZATION_LEVEL = 0;
				GCC_PREPROCESSOR_DEFINITIONS = (
					"DEBUG=1",
					"$(inherited)",
				);
				GCC_WARN_64_TO_32_BIT_CONVERSION = YES;
				GCC_WARN_ABOUT_RETURN_TYPE = YES_ERROR;
				GCC_WARN_UNDECLARED_SELECTOR = YES;
				GCC_WARN_UNINITIALIZED_AUTOS = YES_AGGRESSIVE;
				GCC_WARN_UNUSED_FUNCTION = YES;
				GCC_WARN_UNUSED_VARIABLE = YES;
				IPHONEOS_DEPLOYMENT_TARGET = 18.4;
				LOCALIZATION_PREFERS_STRING_CATALOGS = YES;
				MTL_ENABLE_DEBUG_INFO = INCLUDE_SOURCE;
				MTL_FAST_MATH = YES;
				ONLY_ACTIVE_ARCH = YES;
				SDKROOT = iphoneos;
				SWIFT_ACTIVE_COMPILATION_CONDITIONS = "DEBUG $(inherited)";
				SWIFT_OPTIMIZATION_LEVEL = "-Onone";
			};
			name = Debug;
		};
		733DC9EC2DB5CF78009AA17E /* Release */ = {
			isa = XCBuildConfiguration;
			buildSettings = {
				ALWAYS_SEARCH_USER_PATHS = NO;
				ASSETCATALOG_COMPILER_GENERATE_SWIFT_ASSET_SYMBOL_EXTENSIONS = YES;
				CLANG_ANALYZER_NONNULL = YES;
				CLANG_ANALYZER_NUMBER_OBJECT_CONVERSION = YES_AGGRESSIVE;
				CLANG_CXX_LANGUAGE_STANDARD = "gnu++20";
				CLANG_ENABLE_MODULES = YES;
				CLANG_ENABLE_OBJC_ARC = YES;
				CLANG_ENABLE_OBJC_WEAK = YES;
				CLANG_WARN_BLOCK_CAPTURE_AUTORELEASING = YES;
				CLANG_WARN_BOOL_CONVERSION = YES;
				CLANG_WARN_COMMA = YES;
				CLANG_WARN_CONSTANT_CONVERSION = YES;
				CLANG_WARN_DEPRECATED_OBJC_IMPLEMENTATIONS = YES;
				CLANG_WARN_DIRECT_OBJC_ISA_USAGE = YES_ERROR;
				CLANG_WARN_DOCUMENTATION_COMMENTS = YES;
				CLANG_WARN_EMPTY_BODY = YES;
				CLANG_WARN_ENUM_CONVERSION = YES;
				CLANG_WARN_INFINITE_RECURSION = YES;
				CLANG_WARN_INT_CONVERSION = YES;
				CLANG_WARN_NON_LITERAL_NULL_CONVERSION = YES;
				CLANG_WARN_OBJC_IMPLICIT_RETAIN_SELF = YES;
				CLANG_WARN_OBJC_LITERAL_CONVERSION = YES;
				CLANG_WARN_OBJC_ROOT_CLASS = YES_ERROR;
				CLANG_WARN_QUOTED_INCLUDE_IN_FRAMEWORK_HEADER = YES;
				CLANG_WARN_RANGE_LOOP_ANALYSIS = YES;
				CLANG_WARN_STRICT_PROTOTYPES = YES;
				CLANG_WARN_SUSPICIOUS_MOVE = YES;
				CLANG_WARN_UNGUARDED_AVAILABILITY = YES_AGGRESSIVE;
				CLANG_WARN_UNREACHABLE_CODE = YES;
				CLANG_WARN__DUPLICATE_METHOD_MATCH = YES;
				COPY_PHASE_STRIP = NO;
				DEBUG_INFORMATION_FORMAT = "dwarf-with-dsym";
				ENABLE_NS_ASSERTIONS = NO;
				ENABLE_STRICT_OBJC_MSGSEND = YES;
				ENABLE_USER_SCRIPT_SANDBOXING = YES;
				GCC_C_LANGUAGE_STANDARD = gnu17;
				GCC_NO_COMMON_BLOCKS = YES;
				GCC_WARN_64_TO_32_BIT_CONVERSION = YES;
				GCC_WARN_ABOUT_RETURN_TYPE = YES_ERROR;
				GCC_WARN_UNDECLARED_SELECTOR = YES;
				GCC_WARN_UNINITIALIZED_AUTOS = YES_AGGRESSIVE;
				GCC_WARN_UNUSED_FUNCTION = YES;
				GCC_WARN_UNUSED_VARIABLE = YES;
				IPHONEOS_DEPLOYMENT_TARGET = 18.4;
				LOCALIZATION_PREFERS_STRING_CATALOGS = YES;
				MTL_ENABLE_DEBUG_INFO = NO;
				MTL_FAST_MATH = YES;
				SDKROOT = iphoneos;
				SWIFT_COMPILATION_MODE = wholemodule;
				VALIDATE_PRODUCT = YES;
			};
			name = Release;
		};
/* End XCBuildConfiguration section */

/* Begin XCConfigurationList section */
		733DC9D02DB5CF76009AA17E /* Build configuration list for PBXProject "ZoomPeso" */ = {
			isa = XCConfigurationList;
			buildConfigurations = (
				733DC9EB2DB5CF78009AA17E /* Debug */,
				733DC9EC2DB5CF78009AA17E /* Release */,
			);
			defaultConfigurationIsVisible = 0;
			defaultConfigurationName = Release;
		};
		733DC9E82DB5CF78009AA17E /* Build configuration list for PBXNativeTarget "ZoomPeso" */ = {
			isa = XCConfigurationList;
			buildConfigurations = (
				733DC9E92DB5CF78009AA17E /* Debug */,
				733DC9EA2DB5CF78009AA17E /* Release */,
			);
			defaultConfigurationIsVisible = 0;
			defaultConfigurationName = Release;
		};
/* End XCConfigurationList section */
	};
	rootObject = 733DC9CD2DB5CF76009AA17E /* Project object */;
}
